
Microsoft Visual Studio Solution File, Format Version 12.00
# Visual Studio Version 17
VisualStudioVersion = 17.14.36202.13 d17.14
MinimumVisualStudioVersion = 10.0.40219.1
Project("{FAE04EC0-301F-11D3-BF4B-00C04F79EFBC}") = "WinFormsApp1", "WinFormsApp1\WinFormsApp1.csproj", "{D9342C5D-6A54-4DCB-9CF9-CC4A6753864F}"
EndProject
Global
	GlobalSection(SolutionConfigurationPlatforms) = preSolution
		Debug|Any CPU = Debug|Any CPU
		Release|Any CPU = Release|Any CPU
	EndGlobalSection
	GlobalSection(ProjectConfigurationPlatforms) = postSolution
		{D9342C5D-6A54-4DCB-9CF9-CC4A6753864F}.Debug|Any CPU.ActiveCfg = Debug|Any CPU
		{D9342C5D-6A54-4DCB-9CF9-CC4A6753864F}.Debug|Any CPU.Build.0 = Debug|Any CPU
		{D9342C5D-6A54-4DCB-9CF9-CC4A6753864F}.Release|Any CPU.ActiveCfg = Release|Any CPU
		{D9342C5D-6A54-4DCB-9CF9-CC4A6753864F}.Release|Any CPU.Build.0 = Release|Any CPU
	EndGlobalSection
	GlobalSection(SolutionProperties) = preSolution
		HideSolutionNode = FALSE
	EndGlobalSection
	GlobalSection(ExtensibilityGlobals) = postSolution
		SolutionGuid = {8D7CAE33-6CC5-4B71-BB32-BFFAB9E6B426}
	EndGlobalSection
EndGlobal
